# @generated - this file is auto-generated by `mise lock` https://mise.jdx.dev/dev-tools/mise-lock.html

[[tools.act]]
version = "0.2.89"
backend = "aqua:nektos/act"

[tools.act."platforms.linux-arm64"]
checksum = "sha256:daa8679ba9615a74d2d0cec321dc593f21948a2a11bb65862b063d8b930f4bcb"
url = "https://github.com/nektos/act/releases/download/v0.2.89/act_Linux_arm64.tar.gz"
url_api = "https://api.github.com/repos/nektos/act/releases/assets/434891274"

[tools.act."platforms.linux-arm64-musl"]
checksum = "sha256:daa8679ba9615a74d2d0cec321dc593f21948a2a11bb65862b063d8b930f4bcb"
url = "https://github.com/nektos/act/releases/download/v0.2.89/act_Linux_arm64.tar.gz"
url_api = "https://api.github.com/repos/nektos/act/releases/assets/434891274"

[tools.act."platforms.linux-x64"]
checksum = "sha256:0191d6f1f3b716b5c55820032605d05fc3c1cdbf581ebeff655019e5dd1524c0"
url = "https://github.com/nektos/act/releases/download/v0.2.89/act_Linux_x86_64.tar.gz"
url_api = "https://api.github.com/repos/nektos/act/releases/assets/434891246"

[tools.act."platforms.linux-x64-musl"]
checksum = "sha256:0191d6f1f3b716b5c55820032605d05fc3c1cdbf581ebeff655019e5dd1524c0"
url = "https://github.com/nektos/act/releases/download/v0.2.89/act_Linux_x86_64.tar.gz"
url_api = "https://api.github.com/repos/nektos/act/releases/assets/434891246"

[tools.act."platforms.macos-arm64"]
checksum = "sha256:48ae218af96725f7635a66de2b87e1e346893b02add0f16b92f560296b2151fc"
url = "https://github.com/nektos/act/releases/download/v0.2.89/act_Darwin_arm64.tar.gz"
url_api = "https://api.github.com/repos/nektos/act/releases/assets/434891257"

[tools.act."platforms.macos-x64"]
checksum = "sha256:41b31488e7c254baec31cce12c7dade3e35973b8a31b9486206ad43f233d814e"
url = "https://github.com/nektos/act/releases/download/v0.2.89/act_Darwin_x86_64.tar.gz"
url_api = "https://api.github.com/repos/nektos/act/releases/assets/434891248"

[tools.act."platforms.windows-x64"]
checksum = "sha256:0f8cf866ad7e32421a219fc551a0a0ea5d12ead464de12ebfeafd334a5973b50"
url = "https://github.com/nektos/act/releases/download/v0.2.89/act_Windows_x86_64.zip"
url_api = "https://api.github.com/repos/nektos/act/releases/assets/434891261"

[[tools.actionlint]]
version = "1.7.12"
backend = "aqua:rhysd/actionlint"

[tools.actionlint."platforms.linux-arm64"]
checksum = "sha256:325e971b6ba9bfa504672e29be93c24981eeb1c07576d730e9f7c8805afff0c6"
url = "https://github.com/rhysd/actionlint/releases/download/v1.7.12/actionlint_1.7.12_linux_arm64.tar.gz"
url_api = "https://api.github.com/repos/rhysd/actionlint/releases/assets/384924897"
provenance = "github-attestations"

[tools.actionlint."platforms.linux-arm64-musl"]
checksum = "sha256:325e971b6ba9bfa504672e29be93c24981eeb1c07576d730e9f7c8805afff0c6"
url = "https://github.com/rhysd/actionlint/releases/download/v1.7.12/actionlint_1.7.12_linux_arm64.tar.gz"
url_api = "https://api.github.com/repos/rhysd/actionlint/releases/assets/384924897"
provenance = "github-attestations"

[tools.actionlint."platforms.linux-x64"]
checksum = "sha256:8aca8db96f1b94770f1b0d72b6dddcb1ebb8123cb3712530b08cc387b349a3d8"
url = "https://github.com/rhysd/actionlint/releases/download/v1.7.12/actionlint_1.7.12_linux_amd64.tar.gz"
url_api = "https://api.github.com/repos/rhysd/actionlint/releases/assets/384924896"
provenance = "github-attestations"

[tools.actionlint."platforms.linux-x64-musl"]
checksum = "sha256:8aca8db96f1b94770f1b0d72b6dddcb1ebb8123cb3712530b08cc387b349a3d8"
url = "https://github.com/rhysd/actionlint/releases/download/v1.7.12/actionlint_1.7.12_linux_amd64.tar.gz"
url_api = "https://api.github.com/repos/rhysd/actionlint/releases/assets/384924896"
provenance = "github-attestations"

[tools.actionlint."platforms.macos-arm64"]
checksum = "sha256:aba9ced2dee8d27fecca3dc7feb1a7f9a52caefa1eb46f3271ea66b6e0e6953f"
url = "https://github.com/rhysd/actionlint/releases/download/v1.7.12/actionlint_1.7.12_darwin_arm64.tar.gz"
url_api = "https://api.github.com/repos/rhysd/actionlint/releases/assets/384924893"
provenance = "github-attestations"

[tools.actionlint."platforms.macos-x64"]
checksum = "sha256:5b44c3bc2255115c9b69e30efc0fecdf498fdb63c5d58e17084fd5f16324c644"
url = "https://github.com/rhysd/actionlint/releases/download/v1.7.12/actionlint_1.7.12_darwin_amd64.tar.gz"
url_api = "https://api.github.com/repos/rhysd/actionlint/releases/assets/384924880"
provenance = "github-attestations"

[tools.actionlint."platforms.windows-x64"]
checksum = "sha256:6e7241b51e6817ea6a047693d8e6fed13b31819c9a0dd6c5a726e1592d22f6e9"
url = "https://github.com/rhysd/actionlint/releases/download/v1.7.12/actionlint_1.7.12_windows_amd64.zip"
url_api = "https://api.github.com/repos/rhysd/actionlint/releases/assets/384924919"
provenance = "github-attestations"

[[tools.erlang]]
version = "28.5.0.3"
backend = "core:erlang"

[tools.erlang.options]
precompiled_os = "ubuntu-24.04"

[tools.erlang."platforms.linux-arm64"]
url = "https://builds.hex.pm/builds/otp/arm64/ubuntu-24.04/OTP-28.5.0.3.tar.gz"

[tools.erlang."platforms.linux-arm64-musl"]
checksum = "sha256:63c56a954fe6134f283a01312ebefad00fb0f3ac7d7d42062ca3aa8e92ccd21d"
url = "https://github.com/erlang/otp/releases/download/OTP-28.5.0.3/otp_src_28.5.0.3.tar.gz"
url_api = "https://api.github.com/repos/erlang/otp/releases/assets/464496685"
install = "source"

[tools.erlang."platforms.linux-x64"]
url = "https://builds.hex.pm/builds/otp/amd64/ubuntu-24.04/OTP-28.5.0.3.tar.gz"

[tools.erlang."platforms.linux-x64-musl"]
checksum = "sha256:63c56a954fe6134f283a01312ebefad00fb0f3ac7d7d42062ca3aa8e92ccd21d"
url = "https://github.com/erlang/otp/releases/download/OTP-28.5.0.3/otp_src_28.5.0.3.tar.gz"
url_api = "https://api.github.com/repos/erlang/otp/releases/assets/464496685"
install = "source"

[tools.erlang."platforms.macos-arm64"]
checksum = "sha256:3afbf057ec47bb7a24c9ce13984eab25f22388252c69ddd6ed7a3ca0321e159d"
url = "https://github.com/erlef/otp_builds/releases/download/OTP-28.5.0.3/otp-aarch64-apple-darwin.tar.gz"
url_api = "https://api.github.com/repos/erlef/otp_builds/releases/assets/464418847"

[tools.erlang."platforms.macos-x64"]
checksum = "sha256:12c44a4b50af4626f40bdc0be34d19cfa3f22c555ebca448bf8bbae9319dc55d"
url = "https://github.com/erlef/otp_builds/releases/download/OTP-28.5.0.3/otp-x86_64-apple-darwin.tar.gz"
url_api = "https://api.github.com/repos/erlef/otp_builds/releases/assets/464427726"

[tools.erlang."platforms.windows-x64"]
checksum = "sha256:fb1ff429dbd5f2c9db2c372f77794b1a590cb8e9d8c3c2d28ccc53985fa96b96"
url = "https://github.com/erlang/otp/releases/download/OTP-28.5.0.3/otp_win64_28.5.0.3.zip"
url_api = "https://api.github.com/repos/erlang/otp/releases/assets/464473119"

[[tools."github:WhatsApp/erlang-language-platform"]]
version = "2026-06-10"
backend = "github:WhatsApp/erlang-language-platform"

[tools."github:WhatsApp/erlang-language-platform".options]
matching = "otp-28.tar.gz"

[tools."github:WhatsApp/erlang-language-platform"."platforms.linux-arm64"]
checksum = "sha256:dd33a48bc909a5e7eedb5240302e49e740faa024e3d37608bfa05b26249bee58"
url = "https://github.com/WhatsApp/erlang-language-platform/releases/download/2026-06-10/elp-linux-aarch64-unknown-linux-gnu-otp-28.tar.gz"
url_api = "https://api.github.com/repos/WhatsApp/erlang-language-platform/releases/assets/444550540"

[tools."github:WhatsApp/erlang-language-platform"."platforms.linux-arm64-musl"]
checksum = "sha256:dd33a48bc909a5e7eedb5240302e49e740faa024e3d37608bfa05b26249bee58"
url = "https://github.com/WhatsApp/erlang-language-platform/releases/download/2026-06-10/elp-linux-aarch64-unknown-linux-gnu-otp-28.tar.gz"
url_api = "https://api.github.com/repos/WhatsApp/erlang-language-platform/releases/assets/444550540"

[tools."github:WhatsApp/erlang-language-platform"."platforms.linux-x64"]
checksum = "sha256:104450964d8f43d85294d106fd6a5bf6094b88aef7a94685aeb719735d839fb7"
url = "https://github.com/WhatsApp/erlang-language-platform/releases/download/2026-06-10/elp-linux-x86_64-unknown-linux-gnu-otp-28.tar.gz"
url_api = "https://api.github.com/repos/WhatsApp/erlang-language-platform/releases/assets/444551808"

[tools."github:WhatsApp/erlang-language-platform"."platforms.linux-x64-musl"]
checksum = "sha256:104450964d8f43d85294d106fd6a5bf6094b88aef7a94685aeb719735d839fb7"
url = "https://github.com/WhatsApp/erlang-language-platform/releases/download/2026-06-10/elp-linux-x86_64-unknown-linux-gnu-otp-28.tar.gz"
url_api = "https://api.github.com/repos/WhatsApp/erlang-language-platform/releases/assets/444551808"

[tools."github:WhatsApp/erlang-language-platform"."platforms.macos-arm64"]
checksum = "sha256:ed9e8b7ae0e6eab54eec5f759570cde2f32efd060487d946ac449d7e8eec347f"
url = "https://github.com/WhatsApp/erlang-language-platform/releases/download/2026-06-10/elp-macos-aarch64-apple-darwin-otp-28.tar.gz"
url_api = "https://api.github.com/repos/WhatsApp/erlang-language-platform/releases/assets/444562651"

[tools."github:WhatsApp/erlang-language-platform"."platforms.macos-x64"]
checksum = "sha256:b8bdfdf209d34e7cf9d41220bdbb929d9cb52349a204b93e04f6fbf2abb199c0"
url = "https://github.com/WhatsApp/erlang-language-platform/releases/download/2026-06-10/elp-macos-x86_64-apple-darwin-otp-28.tar.gz"
url_api = "https://api.github.com/repos/WhatsApp/erlang-language-platform/releases/assets/444572196"

[tools."github:WhatsApp/erlang-language-platform"."platforms.windows-x64"]
checksum = "sha256:0060037ac353fd22908ca689e80d80d8522f98dd6ee55b977f1b7a4063514e78"
url = "https://github.com/WhatsApp/erlang-language-platform/releases/download/2026-06-10/elp-windows-x86_64-pc-windows-msvc-otp-28.tar.gz"
url_api = "https://api.github.com/repos/WhatsApp/erlang-language-platform/releases/assets/444552277"

[[tools.rebar]]
version = "3.27.0"
backend = "asdf:rebar"
